
Microsoft Visual Studio Solution File, Format Version 12.00
# Visual Studio 15
VisualStudioVersion = 15.0.27703.2000
MinimumVisualStudioVersion = 10.0.40219.1
Project("{FAE04EC0-301F-11D3-BF4B-00C04F79EFBC}") = "test1306am", "test1306am\test1306am.csproj", "{5856A0E2-E313-49C4-AB0E-DD3068448E33}"
EndProject
Global
	GlobalSection(SolutionConfigurationPlatforms) = preSolution
		Debug|Any CPU = Debug|Any CPU
		Release|Any CPU = Release|Any CPU
	EndGlobalSection
	GlobalSection(ProjectConfigurationPlatforms) = postSolution
		{5856A0E2-E313-49C4-AB0E-DD3068448E33}.Debug|Any CPU.ActiveCfg = Debug|Any CPU
		{5856A0E2-E313-49C4-AB0E-DD3068448E33}.Debug|Any CPU.Build.0 = Debug|Any CPU
		{5856A0E2-E313-49C4-AB0E-DD3068448E33}.Release|Any CPU.ActiveCfg = Release|Any CPU
		{5856A0E2-E313-49C4-AB0E-DD3068448E33}.Release|Any CPU.Build.0 = Release|Any CPU
	EndGlobalSection
	GlobalSection(SolutionProperties) = preSolution
		HideSolutionNode = FALSE
	EndGlobalSection
	GlobalSection(ExtensibilityGlobals) = postSolution
		SolutionGuid = {CC3D341A-0F2F-4361-818E-4C70F775F329}
	EndGlobalSection
EndGlobal
